
Microsoft Visual Studio Solution File, Format Version 12.00
# Visual Studio Version 17
VisualStudioVersion = 17.0.31903.59
MinimumVisualStudioVersion = 10.0.40219.1
Project("{FAE04EC0-301F-11D3-BF4B-00C04F79EFBC}") = "APIs", "APIs\APIs.csproj", "{6E1E95CE-29D8-420D-8DDE-17ED1AC9BF83}"
EndProject
Project("{FAE04EC0-301F-11D3-BF4B-00C04F79EFBC}") = "Infrastructure", "Infrastructure\Infrastructure.csproj", "{C54ADB0A-63F5-48BF-B50A-7063190D284F}"
EndProject
Project("{FAE04EC0-301F-11D3-BF4B-00C04F79EFBC}") = "Common", "Common\Common.csproj", "{32BF9178-45CB-4821-865A-D2E86D178457}"
EndProject
Project("{2150E333-8FDC-42A3-9474-1A3956D46DE8}") = "BuildingBlocks", "BuildingBlocks", "{C4B1349B-AA6C-403D-8EF3-35AF5040DE1F}"
EndProject
Project("{FAE04EC0-301F-11D3-BF4B-00C04F79EFBC}") = "HireMate.BuildingBlocks", "BuildingBlocks\HireMate.BuildingBlocks\HireMate.BuildingBlocks.csproj", "{993786C8-0A5E-4BBA-8351-E306107DAF4A}"
EndProject
Project("{2150E333-8FDC-42A3-9474-1A3956D46DE8}") = "Modules", "Modules", "{F8CD8716-1671-450F-B2D8-C880C08C18D8}"
EndProject
Project("{FAE04EC0-301F-11D3-BF4B-00C04F79EFBC}") = "HireMate.Modules.Platform", "Modules\HireMate.Modules.Platform\HireMate.Modules.Platform.csproj", "{126A31C9-E1C0-4F32-A719-653CE2AADDDA}"
EndProject
Project("{FAE04EC0-301F-11D3-BF4B-00C04F79EFBC}") = "HireMate.Modules.Ai", "Modules\HireMate.Modules.Ai\HireMate.Modules.Ai.csproj", "{B32B8637-A3E1-4B82-9205-5F4CBC79D6BB}"
EndProject
Project("{FAE04EC0-301F-11D3-BF4B-00C04F79EFBC}") = "HireMate.Modules.Identity", "Modules\HireMate.Modules.Identity\HireMate.Modules.Identity.csproj", "{1CA80564-0065-48B4-8DDF-55B1CFFEE5B4}"
EndProject
Project("{FAE04EC0-301F-11D3-BF4B-00C04F79EFBC}") = "HireMate.Modules.Onboarding", "Modules\HireMate.Modules.Onboarding\HireMate.Modules.Onboarding.csproj", "{3F34DEB9-69A5-4F49-848B-F667722C857C}"
EndProject
Project("{FAE04EC0-301F-11D3-BF4B-00C04F79EFBC}") = "HireMate.Modules.Interview", "Modules\HireMate.Modules.Interview\HireMate.Modules.Interview.csproj", "{B516DD74-C0D7-466B-8444-4FF97F9CA2C0}"
EndProject
Project("{FAE04EC0-301F-11D3-BF4B-00C04F79EFBC}") = "HireMate.Modules.Billing", "Modules\HireMate.Modules.Billing\HireMate.Modules.Billing.csproj", "{B184B9C5-27B3-4E88-B588-9B78BCD62CB2}"
EndProject
Project("{FAE04EC0-301F-11D3-BF4B-00C04F79EFBC}") = "HireMate.Modules.Career", "Modules\HireMate.Modules.Career\HireMate.Modules.Career.csproj", "{9474AC08-74DE-433D-8967-3E203F093D95}"
EndProject
Project("{FAE04EC0-301F-11D3-BF4B-00C04F79EFBC}") = "HireMate.Modules.Growth", "Modules\HireMate.Modules.Growth\HireMate.Modules.Growth.csproj", "{B1ECEFB8-BED0-4D5F-93CC-24805376B8A6}"
EndProject
Project("{FAE04EC0-301F-11D3-BF4B-00C04F79EFBC}") = "HireMate.Modules.Content", "Modules\HireMate.Modules.Content\HireMate.Modules.Content.csproj", "{AAC48C14-B984-4921-8B68-D24022F6D166}"
EndProject
Project("{FAE04EC0-301F-11D3-BF4B-00C04F79EFBC}") = "HireMate.Modules.Admin", "Modules\HireMate.Modules.Admin\HireMate.Modules.Admin.csproj", "{211DC4E8-7802-462F-ACE7-F0DE28C902D1}"
EndProject
Global
	GlobalSection(SolutionConfigurationPlatforms) = preSolution
		Debug|Any CPU = Debug|Any CPU
		Release|Any CPU = Release|Any CPU
	EndGlobalSection
	GlobalSection(SolutionProperties) = preSolution
		HideSolutionNode = FALSE
	EndGlobalSection
	GlobalSection(ProjectConfigurationPlatforms) = postSolution
		{6E1E95CE-29D8-420D-8DDE-17ED1AC9BF83}.Debug|Any CPU.ActiveCfg = Debug|Any CPU
		{6E1E95CE-29D8-420D-8DDE-17ED1AC9BF83}.Debug|Any CPU.Build.0 = Debug|Any CPU
		{6E1E95CE-29D8-420D-8DDE-17ED1AC9BF83}.Release|Any CPU.ActiveCfg = Release|Any CPU
		{6E1E95CE-29D8-420D-8DDE-17ED1AC9BF83}.Release|Any CPU.Build.0 = Release|Any CPU
		{C54ADB0A-63F5-48BF-B50A-7063190D284F}.Debug|Any CPU.ActiveCfg = Debug|Any CPU
		{C54ADB0A-63F5-48BF-B50A-7063190D284F}.Debug|Any CPU.Build.0 = Debug|Any CPU
		{C54ADB0A-63F5-48BF-B50A-7063190D284F}.Release|Any CPU.ActiveCfg = Release|Any CPU
		{C54ADB0A-63F5-48BF-B50A-7063190D284F}.Release|Any CPU.Build.0 = Release|Any CPU
		{32BF9178-45CB-4821-865A-D2E86D178457}.Debug|Any CPU.ActiveCfg = Debug|Any CPU
		{32BF9178-45CB-4821-865A-D2E86D178457}.Debug|Any CPU.Build.0 = Debug|Any CPU
		{32BF9178-45CB-4821-865A-D2E86D178457}.Release|Any CPU.ActiveCfg = Release|Any CPU
		{32BF9178-45CB-4821-865A-D2E86D178457}.Release|Any CPU.Build.0 = Release|Any CPU
		{993786C8-0A5E-4BBA-8351-E306107DAF4A}.Debug|Any CPU.ActiveCfg = Debug|Any CPU
		{993786C8-0A5E-4BBA-8351-E306107DAF4A}.Debug|Any CPU.Build.0 = Debug|Any CPU
		{993786C8-0A5E-4BBA-8351-E306107DAF4A}.Release|Any CPU.ActiveCfg = Release|Any CPU
		{993786C8-0A5E-4BBA-8351-E306107DAF4A}.Release|Any CPU.Build.0 = Release|Any CPU
		{126A31C9-E1C0-4F32-A719-653CE2AADDDA}.Debug|Any CPU.ActiveCfg = Debug|Any CPU
		{126A31C9-E1C0-4F32-A719-653CE2AADDDA}.Debug|Any CPU.Build.0 = Debug|Any CPU
		{126A31C9-E1C0-4F32-A719-653CE2AADDDA}.Release|Any CPU.ActiveCfg = Release|Any CPU
		{126A31C9-E1C0-4F32-A719-653CE2AADDDA}.Release|Any CPU.Build.0 = Release|Any CPU
		{B32B8637-A3E1-4B82-9205-5F4CBC79D6BB}.Debug|Any CPU.ActiveCfg = Debug|Any CPU
		{B32B8637-A3E1-4B82-9205-5F4CBC79D6BB}.Debug|Any CPU.Build.0 = Debug|Any CPU
		{B32B8637-A3E1-4B82-9205-5F4CBC79D6BB}.Release|Any CPU.ActiveCfg = Release|Any CPU
		{B32B8637-A3E1-4B82-9205-5F4CBC79D6BB}.Release|Any CPU.Build.0 = Release|Any CPU
		{1CA80564-0065-48B4-8DDF-55B1CFFEE5B4}.Debug|Any CPU.ActiveCfg = Debug|Any CPU
		{1CA80564-0065-48B4-8DDF-55B1CFFEE5B4}.Debug|Any CPU.Build.0 = Debug|Any CPU
		{1CA80564-0065-48B4-8DDF-55B1CFFEE5B4}.Release|Any CPU.ActiveCfg = Release|Any CPU
		{1CA80564-0065-48B4-8DDF-55B1CFFEE5B4}.Release|Any CPU.Build.0 = Release|Any CPU
		{3F34DEB9-69A5-4F49-848B-F667722C857C}.Debug|Any CPU.ActiveCfg = Debug|Any CPU
		{3F34DEB9-69A5-4F49-848B-F667722C857C}.Debug|Any CPU.Build.0 = Debug|Any CPU
		{3F34DEB9-69A5-4F49-848B-F667722C857C}.Release|Any CPU.ActiveCfg = Release|Any CPU
		{3F34DEB9-69A5-4F49-848B-F667722C857C}.Release|Any CPU.Build.0 = Release|Any CPU
		{B516DD74-C0D7-466B-8444-4FF97F9CA2C0}.Debug|Any CPU.ActiveCfg = Debug|Any CPU
		{B516DD74-C0D7-466B-8444-4FF97F9CA2C0}.Debug|Any CPU.Build.0 = Debug|Any CPU
		{B516DD74-C0D7-466B-8444-4FF97F9CA2C0}.Release|Any CPU.ActiveCfg = Release|Any CPU
		{B516DD74-C0D7-466B-8444-4FF97F9CA2C0}.Release|Any CPU.Build.0 = Release|Any CPU
		{B184B9C5-27B3-4E88-B588-9B78BCD62CB2}.Debug|Any CPU.ActiveCfg = Debug|Any CPU
		{B184B9C5-27B3-4E88-B588-9B78BCD62CB2}.Debug|Any CPU.Build.0 = Debug|Any CPU
		{B184B9C5-27B3-4E88-B588-9B78BCD62CB2}.Release|Any CPU.ActiveCfg = Release|Any CPU
		{B184B9C5-27B3-4E88-B588-9B78BCD62CB2}.Release|Any CPU.Build.0 = Release|Any CPU
		{9474AC08-74DE-433D-8967-3E203F093D95}.Debug|Any CPU.ActiveCfg = Debug|Any CPU
		{9474AC08-74DE-433D-8967-3E203F093D95}.Debug|Any CPU.Build.0 = Debug|Any CPU
		{9474AC08-74DE-433D-8967-3E203F093D95}.Release|Any CPU.ActiveCfg = Release|Any CPU
		{9474AC08-74DE-433D-8967-3E203F093D95}.Release|Any CPU.Build.0 = Release|Any CPU
		{B1ECEFB8-BED0-4D5F-93CC-24805376B8A6}.Debug|Any CPU.ActiveCfg = Debug|Any CPU
		{B1ECEFB8-BED0-4D5F-93CC-24805376B8A6}.Debug|Any CPU.Build.0 = Debug|Any CPU
		{B1ECEFB8-BED0-4D5F-93CC-24805376B8A6}.Release|Any CPU.ActiveCfg = Release|Any CPU
		{B1ECEFB8-BED0-4D5F-93CC-24805376B8A6}.Release|Any CPU.Build.0 = Release|Any CPU
		{AAC48C14-B984-4921-8B68-D24022F6D166}.Debug|Any CPU.ActiveCfg = Debug|Any CPU
		{AAC48C14-B984-4921-8B68-D24022F6D166}.Debug|Any CPU.Build.0 = Debug|Any CPU
		{AAC48C14-B984-4921-8B68-D24022F6D166}.Release|Any CPU.ActiveCfg = Release|Any CPU
		{AAC48C14-B984-4921-8B68-D24022F6D166}.Release|Any CPU.Build.0 = Release|Any CPU
		{211DC4E8-7802-462F-ACE7-F0DE28C902D1}.Debug|Any CPU.ActiveCfg = Debug|Any CPU
		{211DC4E8-7802-462F-ACE7-F0DE28C902D1}.Debug|Any CPU.Build.0 = Debug|Any CPU
		{211DC4E8-7802-462F-ACE7-F0DE28C902D1}.Release|Any CPU.ActiveCfg = Release|Any CPU
		{211DC4E8-7802-462F-ACE7-F0DE28C902D1}.Release|Any CPU.Build.0 = Release|Any CPU
	EndGlobalSection
	GlobalSection(NestedProjects) = preSolution
		{993786C8-0A5E-4BBA-8351-E306107DAF4A} = {C4B1349B-AA6C-403D-8EF3-35AF5040DE1F}
		{126A31C9-E1C0-4F32-A719-653CE2AADDDA} = {F8CD8716-1671-450F-B2D8-C880C08C18D8}
		{B32B8637-A3E1-4B82-9205-5F4CBC79D6BB} = {F8CD8716-1671-450F-B2D8-C880C08C18D8}
		{1CA80564-0065-48B4-8DDF-55B1CFFEE5B4} = {F8CD8716-1671-450F-B2D8-C880C08C18D8}
		{3F34DEB9-69A5-4F49-848B-F667722C857C} = {F8CD8716-1671-450F-B2D8-C880C08C18D8}
		{B516DD74-C0D7-466B-8444-4FF97F9CA2C0} = {F8CD8716-1671-450F-B2D8-C880C08C18D8}
		{B184B9C5-27B3-4E88-B588-9B78BCD62CB2} = {F8CD8716-1671-450F-B2D8-C880C08C18D8}
		{9474AC08-74DE-433D-8967-3E203F093D95} = {F8CD8716-1671-450F-B2D8-C880C08C18D8}
		{B1ECEFB8-BED0-4D5F-93CC-24805376B8A6} = {F8CD8716-1671-450F-B2D8-C880C08C18D8}
		{AAC48C14-B984-4921-8B68-D24022F6D166} = {F8CD8716-1671-450F-B2D8-C880C08C18D8}
		{211DC4E8-7802-462F-ACE7-F0DE28C902D1} = {F8CD8716-1671-450F-B2D8-C880C08C18D8}
	EndGlobalSection
EndGlobal
